
Microsoft Visual Studio Solution File, Format Version 11.00
# Visual C# Express 2010
Project("{FAE04EC0-301F-11D3-BF4B-00C04F79EFBC}") = "FluentNotationTest", "FluentNotationTest\FluentNotationTest.csproj", "{ADABC922-7FE7-4B53-9BE4-F97D61474D06}"
EndProject
Global
	GlobalSection(SolutionConfigurationPlatforms) = preSolution
		Debug|Any CPU = Debug|Any CPU
		Release|Any CPU = Release|Any CPU
	EndGlobalSection
	GlobalSection(ProjectConfigurationPlatforms) = postSolution
		{ADABC922-7FE7-4B53-9BE4-F97D61474D06}.Debug|Any CPU.ActiveCfg = Debug|Any CPU
		{ADABC922-7FE7-4B53-9BE4-F97D61474D06}.Debug|Any CPU.Build.0 = Debug|Any CPU
		{ADABC922-7FE7-4B53-9BE4-F97D61474D06}.Release|Any CPU.ActiveCfg = Release|Any CPU
		{ADABC922-7FE7-4B53-9BE4-F97D61474D06}.Release|Any CPU.Build.0 = Release|Any CPU
	EndGlobalSection
	GlobalSection(SolutionProperties) = preSolution
		HideSolutionNode = FALSE
	EndGlobalSection
EndGlobal
